// !$*UTF8*$!
{
	archiveVersion = 1;
	classes = {
	};
	objectVersion = 46;
	objects = {

/* Begin PBXBuildFile section */
		24591D501D670B7B00B90A38 /* AppDelegate.swift in Sources */ = {isa = PBXBuildFile; fileRef = 24591D4F1D670B7B00B90A38 /* AppDelegate.swift */; };
		24591D521D670B7B00B90A38 /* ViewController.swift in Sources */ = {isa = PBXBuildFile; fileRef = 24591D511D670B7B00B90A38 /* ViewController.swift */; };
		24591D551D670B7B00B90A38 /* Main.storyboard in Resources */ = {isa = PBXBuildFile; fileRef = 24591D531D670B7B00B90A38 /* Main.storyboard */; };
		24591D571D670B7B00B90A38 /* Assets.xcassets in Resources */ = {isa = PBXBuildFile; fileRef = 24591D561D670B7B00B90A38 /* Assets.xcassets */; };
		24591D5A1D670B7B00B90A38 /* LaunchScreen.storyboard in Resources */ = {isa = PBXBuildFile; fileRef = 24591D581D670B7B00B90A38 /* LaunchScreen.storyboard */; };
		24DC3B401D67145E0042657E /* Array+SH.swift in Sources */ = {isa = PBXBuildFile; fileRef = 24DC3B371D67145E0042657E /* Array+SH.swift */; };
		24DC3B411D67145E0042657E /* Date+SH.swift in Sources */ = {isa = PBXBuildFile; fileRef = 24DC3B381D67145E0042657E /* Date+SH.swift */; };
		24DC3B431D67145E0042657E /* UIImage+SH.swift in Sources */ = {isa = PBXBuildFile; fileRef = 24DC3B3A1D67145E0042657E /* UIImage+SH.swift */; };
		24DC3B441D67145E0042657E /* UIView+SH.swift in Sources */ = {isa = PBXBuildFile; fileRef = 24DC3B3B1D67145E0042657E /* UIView+SH.swift */; };
		585E0FBF1D8E7CDF0062E059 /* Double+SH.swift in Sources */ = {isa = PBXBuildFile; fileRef = 585E0FBE1D8E7CDF0062E059 /* Double+SH.swift */; };
		58FE87761D6818FD000BAD14 /* UIColor+SH.swift in Sources */ = {isa = PBXBuildFile; fileRef = 58FE87751D6818FD000BAD14 /* UIColor+SH.swift */; };
		58FE877D1D68474C000BAD14 /* String+SH.swift in Sources */ = {isa = PBXBuildFile; fileRef = 58FE877C1D68474C000BAD14 /* String+SH.swift */; };
		DA609C1F25B9169800FDABBA /* JSONSerialization+SH.swift in Sources */ = {isa = PBXBuildFile; fileRef = DA609C1E25B9169800FDABBA /* JSONSerialization+SH.swift */; };
		DA609C2225B91B7100FDABBA /* UIAlertController+SH.swift in Sources */ = {isa = PBXBuildFile; fileRef = DA609C2125B91B7100FDABBA /* UIAlertController+SH.swift */; };
		DA6CB72725B5778300420457 /* Timer+SH.swift in Sources */ = {isa = PBXBuildFile; fileRef = DA6CB72625B5778300420457 /* Timer+SH.swift */; };
		DA6CB72A25B580C500420457 /* UIScrollView+SHKeyboard.swift in Sources */ = {isa = PBXBuildFile; fileRef = DA6CB72925B580C500420457 /* UIScrollView+SHKeyboard.swift */; };
		DA6CB72F25B5938600420457 /* Dictionary+SH.swift in Sources */ = {isa = PBXBuildFile; fileRef = DA6CB72E25B5938600420457 /* Dictionary+SH.swift */; };
/* End PBXBuildFile section */

/* Begin PBXFileReference section */
		24591D4C1D670B7B00B90A38 /* SwiftHelperDemo.app */ = {isa = PBXFileReference; explicitFileType = wrapper.application; includeInIndex = 0; path = SwiftHelperDemo.app; sourceTree = BUILT_PRODUCTS_DIR; };
		24591D4F1D670B7B00B90A38 /* AppDelegate.swift */ = {isa = PBXFileReference; lastKnownFileType = sourcecode.swift; path = AppDelegate.swift; sourceTree = "<group>"; };
		24591D511D670B7B00B90A38 /* ViewController.swift */ = {isa = PBXFileReference; lastKnownFileType = sourcecode.swift; path = ViewController.swift; sourceTree = "<group>"; };
		24591D541D670B7B00B90A38 /* Base */ = {isa = PBXFileReference; lastKnownFileType = file.storyboard; name = Base; path = Base.lproj/Main.storyboard; sourceTree = "<group>"; };
		24591D561D670B7B00B90A38 /* Assets.xcassets */ = {isa = PBXFileReference; lastKnownFileType = folder.assetcatalog; path = Assets.xcassets; sourceTree = "<group>"; };
		24591D591D670B7B00B90A38 /* Base */ = {isa = PBXFileReference; lastKnownFileType = file.storyboard; name = Base; path = Base.lproj/LaunchScreen.storyboard; sourceTree = "<group>"; };
		24591D5B1D670B7B00B90A38 /* Info.plist */ = {isa = PBXFileReference; lastKnownFileType = text.plist.xml; path = Info.plist; sourceTree = "<group>"; };
		24DC3B371D67145E0042657E /* Array+SH.swift */ = {isa = PBXFileReference; fileEncoding = 4; lastKnownFileType = sourcecode.swift; path = "Array+SH.swift"; sourceTree = "<group>"; };
		24DC3B381D67145E0042657E /* Date+SH.swift */ = {isa = PBXFileReference; fileEncoding = 4; lastKnownFileType = sourcecode.swift; path = "Date+SH.swift"; sourceTree = "<group>"; };
		24DC3B3A1D67145E0042657E /* UIImage+SH.swift */ = {isa = PBXFileReference; fileEncoding = 4; lastKnownFileType = sourcecode.swift; path = "UIImage+SH.swift"; sourceTree = "<group>"; };
		24DC3B3B1D67145E0042657E /* UIView+SH.swift */ = {isa = PBXFileReference; fileEncoding = 4; lastKnownFileType = sourcecode.swift; path = "UIView+SH.swift"; sourceTree = "<group>"; };
		585E0FBE1D8E7CDF0062E059 /* Double+SH.swift */ = {isa = PBXFileReference; fileEncoding = 4; lastKnownFileType = sourcecode.swift; path = "Double+SH.swift"; sourceTree = "<group>"; };
		58FE87751D6818FD000BAD14 /* UIColor+SH.swift */ = {isa = PBXFileReference; fileEncoding = 4; lastKnownFileType = sourcecode.swift; path = "UIColor+SH.swift"; sourceTree = "<group>"; };
		58FE877C1D68474C000BAD14 /* String+SH.swift */ = {isa = PBXFileReference; fileEncoding = 4; lastKnownFileType = sourcecode.swift; path = "String+SH.swift"; sourceTree = "<group>"; };
		DA609C1E25B9169800FDABBA /* JSONSerialization+SH.swift */ = {isa = PBXFileReference; lastKnownFileType = sourcecode.swift; path = "JSONSerialization+SH.swift"; sourceTree = "<group>"; };
		DA609C2125B91B7100FDABBA /* UIAlertController+SH.swift */ = {isa = PBXFileReference; lastKnownFileType = sourcecode.swift; path = "UIAlertController+SH.swift"; sourceTree = "<group>"; };
		DA6CB72625B5778300420457 /* Timer+SH.swift */ = {isa = PBXFileReference; lastKnownFileType = sourcecode.swift; path = "Timer+SH.swift"; sourceTree = "<group>"; };
		DA6CB72925B580C500420457 /* UIScrollView+SHKeyboard.swift */ = {isa = PBXFileReference; lastKnownFileType = sourcecode.swift; path = "UIScrollView+SHKeyboard.swift"; sourceTree = "<group>"; };
		DA6CB72E25B5938600420457 /* Dictionary+SH.swift */ = {isa = PBXFileReference; lastKnownFileType = sourcecode.swift; path = "Dictionary+SH.swift"; sourceTree = "<group>"; };
/* End PBXFileReference section */

/* Begin PBXFrameworksBuildPhase section */
		24591D491D670B7B00B90A38 /* Frameworks */ = {
			isa = PBXFrameworksBuildPhase;
			buildActionMask = 2147483647;
			files = (
			);
			runOnlyForDeploymentPostprocessing = 0;
		};
/* End PBXFrameworksBuildPhase section */

/* Begin PBXGroup section */
		0B5CFA56D77F2AA8E59B63B3 /* Frameworks */ = {
			isa = PBXGroup;
			children = (
			);
			name = Frameworks;
			sourceTree = "<group>";
		};
		24591D431D670B7B00B90A38 = {
			isa = PBXGroup;
			children = (
				24DC3B351D67145E0042657E /* SwiftHelper */,
				24591D4E1D670B7B00B90A38 /* SwiftHelperDemo */,
				24591D4D1D670B7B00B90A38 /* Products */,
				0B5CFA56D77F2AA8E59B63B3 /* Frameworks */,
			);
			sourceTree = "<group>";
		};
		24591D4D1D670B7B00B90A38 /* Products */ = {
			isa = PBXGroup;
			children = (
				24591D4C1D670B7B00B90A38 /* SwiftHelperDemo.app */,
			);
			name = Products;
			sourceTree = "<group>";
		};
		24591D4E1D670B7B00B90A38 /* SwiftHelperDemo */ = {
			isa = PBXGroup;
			children = (
				24591D4F1D670B7B00B90A38 /* AppDelegate.swift */,
				24591D511D670B7B00B90A38 /* ViewController.swift */,
				24591D531D670B7B00B90A38 /* Main.storyboard */,
				24591D561D670B7B00B90A38 /* Assets.xcassets */,
				24591D581D670B7B00B90A38 /* LaunchScreen.storyboard */,
				24591D5B1D670B7B00B90A38 /* Info.plist */,
			);
			path = SwiftHelperDemo;
			sourceTree = "<group>";
		};
		24DC3B351D67145E0042657E /* SwiftHelper */ = {
			isa = PBXGroup;
			children = (
				DA6CB72425B576D800420457 /* Foundation */,
				24DC3B361D67145E0042657E /* UIKit */,
			);
			path = SwiftHelper;
			sourceTree = "<group>";
		};
		24DC3B361D67145E0042657E /* UIKit */ = {
			isa = PBXGroup;
			children = (
				24DC3B3A1D67145E0042657E /* UIImage+SH.swift */,
				24DC3B3B1D67145E0042657E /* UIView+SH.swift */,
				58FE87751D6818FD000BAD14 /* UIColor+SH.swift */,
				DA6CB72925B580C500420457 /* UIScrollView+SHKeyboard.swift */,
				DA609C2125B91B7100FDABBA /* UIAlertController+SH.swift */,
			);
			path = UIKit;
			sourceTree = "<group>";
		};
		DA6CB72425B576D800420457 /* Foundation */ = {
			isa = PBXGroup;
			children = (
				585E0FBE1D8E7CDF0062E059 /* Double+SH.swift */,
				24DC3B371D67145E0042657E /* Array+SH.swift */,
				58FE877C1D68474C000BAD14 /* String+SH.swift */,
				24DC3B381D67145E0042657E /* Date+SH.swift */,
				DA6CB72625B5778300420457 /* Timer+SH.swift */,
				DA6CB72E25B5938600420457 /* Dictionary+SH.swift */,
				DA609C1E25B9169800FDABBA /* JSONSerialization+SH.swift */,
			);
			path = Foundation;
			sourceTree = "<group>";
		};
/* End PBXGroup section */

/* Begin PBXNativeTarget section */
		24591D4B1D670B7B00B90A38 /* SwiftHelperDemo */ = {
			isa = PBXNativeTarget;
			buildConfigurationList = 24591D741D670B7B00B90A38 /* Build configuration list for PBXNativeTarget "SwiftHelperDemo" */;
			buildPhases = (
				24591D481D670B7B00B90A38 /* Sources */,
				24591D491D670B7B00B90A38 /* Frameworks */,
				24591D4A1D670B7B00B90A38 /* Resources */,
			);
			buildRules = (
			);
			dependencies = (
			);
			name = SwiftHelperDemo;
			productName = SwiftHelperDemo;
			productReference = 24591D4C1D670B7B00B90A38 /* SwiftHelperDemo.app */;
			productType = "com.apple.product-type.application";
		};
/* End PBXNativeTarget section */

/* Begin PBXProject section */
		24591D441D670B7B00B90A38 /* Project object */ = {
			isa = PBXProject;
			attributes = {
				LastSwiftUpdateCheck = 0730;
				LastUpgradeCheck = 1220;
				ORGANIZATIONNAME = LiuChang;
				TargetAttributes = {
					24591D4B1D670B7B00B90A38 = {
						CreatedOnToolsVersion = 7.3.1;
						LastSwiftMigration = 1020;
						ProvisioningStyle = Manual;
					};
				};
			};
			buildConfigurationList = 24591D471D670B7B00B90A38 /* Build configuration list for PBXProject "SwiftHelperDemo" */;
			compatibilityVersion = "Xcode 3.2";
			developmentRegion = en;
			hasScannedForEncodings = 0;
			knownRegions = (
				en,
				Base,
			);
			mainGroup = 24591D431D670B7B00B90A38;
			productRefGroup = 24591D4D1D670B7B00B90A38 /* Products */;
			projectDirPath = "";
			projectRoot = "";
			targets = (
				24591D4B1D670B7B00B90A38 /* SwiftHelperDemo */,
			);
		};
/* End PBXProject section */

/* Begin PBXResourcesBuildPhase section */
		24591D4A1D670B7B00B90A38 /* Resources */ = {
			isa = PBXResourcesBuildPhase;
			buildActionMask = 2147483647;
			files = (
				24591D5A1D670B7B00B90A38 /* LaunchScreen.storyboard in Resources */,
				24591D571D670B7B00B90A38 /* Assets.xcassets in Resources */,
				24591D551D670B7B00B90A38 /* Main.storyboard in Resources */,
			);
			runOnlyForDeploymentPostprocessing = 0;
		};
/* End PBXResourcesBuildPhase section */

/* Begin PBXSourcesBuildPhase section */
		24591D481D670B7B00B90A38 /* Sources */ = {
			isa = PBXSourcesBuildPhase;
			buildActionMask = 2147483647;
			files = (
				DA6CB72725B5778300420457 /* Timer+SH.swift in Sources */,
				24DC3B411D67145E0042657E /* Date+SH.swift in Sources */,
				24DC3B441D67145E0042657E /* UIView+SH.swift in Sources */,
				58FE87761D6818FD000BAD14 /* UIColor+SH.swift in Sources */,
				DA609C2225B91B7100FDABBA /* UIAlertController+SH.swift in Sources */,
				585E0FBF1D8E7CDF0062E059 /* Double+SH.swift in Sources */,
				24DC3B401D67145E0042657E /* Array+SH.swift in Sources */,
				24591D521D670B7B00B90A38 /* ViewController.swift in Sources */,
				58FE877D1D68474C000BAD14 /* String+SH.swift in Sources */,
				24DC3B431D67145E0042657E /* UIImage+SH.swift in Sources */,
				DA6CB72F25B5938600420457 /* Dictionary+SH.swift in Sources */,
				24591D501D670B7B00B90A38 /* AppDelegate.swift in Sources */,
				DA6CB72A25B580C500420457 /* UIScrollView+SHKeyboard.swift in Sources */,
				DA609C1F25B9169800FDABBA /* JSONSerialization+SH.swift in Sources */,
			);
			runOnlyForDeploymentPostprocessing = 0;
		};
/* End PBXSourcesBuildPhase section */

/* Begin PBXVariantGroup section */
		24591D531D670B7B00B90A38 /* Main.storyboard */ = {
			isa = PBXVariantGroup;
			children = (
				24591D541D670B7B00B90A38 /* Base */,
			);
			name = Main.storyboard;
			sourceTree = "<group>";
		};
		24591D581D670B7B00B90A38 /* LaunchScreen.storyboard */ = {
			isa = PBXVariantGroup;
			children = (
				24591D591D670B7B00B90A38 /* Base */,
			);
			name = LaunchScreen.storyboard;
			sourceTree = "<group>";
		};
/* End PBXVariantGroup section */

/* Begin XCBuildConfiguration section */
		24591D721D670B7B00B90A38 /* Debug */ = {
			isa = XCBuildConfiguration;
			buildSettings = {
				ALWAYS_SEARCH_USER_PATHS = NO;
				CLANG_ANALYZER_LOCALIZABILITY_NONLOCALIZED = YES;
				CLANG_ANALYZER_NONNULL = YES;
				CLANG_CXX_LANGUAGE_STANDARD = "gnu++0x";
				CLANG_CXX_LIBRARY = "libc++";
				CLANG_ENABLE_MODULES = YES;
				CLANG_ENABLE_OBJC_ARC = YES;
				CLANG_WARN_BLOCK_CAPTURE_AUTORELEASING = YES;
				CLANG_WARN_BOOL_CONVERSION = YES;
				CLANG_WARN_COMMA = YES;
				CLANG_WARN_CONSTANT_CONVERSION = YES;
				CLANG_WARN_DEPRECATED_OBJC_IMPLEMENTATIONS = YES;
				CLANG_WARN_DIRECT_OBJC_ISA_USAGE = YES_ERROR;
				CLANG_WARN_EMPTY_BODY = YES;
				CLANG_WARN_ENUM_CONVERSION = YES;
				CLANG_WARN_INFINITE_RECURSION = YES;
				CLANG_WARN_INT_CONVERSION = YES;
				CLANG_WARN_NON_LITERAL_NULL_CONVERSION = YES;
				CLANG_WARN_OBJC_IMPLICIT_RETAIN_SELF = YES;
				CLANG_WARN_OBJC_LITERAL_CONVERSION = YES;
				CLANG_WARN_OBJC_ROOT_CLASS = YES_ERROR;
				CLANG_WARN_QUOTED_INCLUDE_IN_FRAMEWORK_HEADER = YES;
				CLANG_WARN_RANGE_LOOP_ANALYSIS = YES;
				CLANG_WARN_STRICT_PROTOTYPES = YES;
				CLANG_WARN_SUSPICIOUS_MOVE = YES;
				CLANG_WARN_UNREACHABLE_CODE = YES;
				CLANG_WARN__DUPLICATE_METHOD_MATCH = YES;
				"CODE_SIGN_IDENTITY[sdk=iphoneos*]" = "iPhone Developer";
				COPY_PHASE_STRIP = NO;
				DEBUG_INFORMATION_FORMAT = dwarf;
				ENABLE_STRICT_OBJC_MSGSEND = YES;
				ENABLE_TESTABILITY = YES;
				GCC_C_LANGUAGE_STANDARD = gnu99;
				GCC_DYNAMIC_NO_PIC = NO;
				GCC_NO_COMMON_BLOCKS = YES;
				GCC_OPTIMIZATION_LEVEL = 0;
				GCC_PREPROCESSOR_DEFINITIONS = (
					"DEBUG=1",
					"$(inherited)",
				);
				GCC_WARN_64_TO_32_BIT_CONVERSION = YES;
				GCC_WARN_ABOUT_RETURN_TYPE = YES_ERROR;
				GCC_WARN_UNDECLARED_SELECTOR = YES;
				GCC_WARN_UNINITIALIZED_AUTOS = YES_AGGRESSIVE;
				GCC_WARN_UNUSED_FUNCTION = YES;
				GCC_WARN_UNUSED_VARIABLE = YES;
				IPHONEOS_DEPLOYMENT_TARGET = 12.0;
				MTL_ENABLE_DEBUG_INFO = YES;
				ONLY_ACTIVE_ARCH = YES;
				SDKROOT = iphoneos;
				SWIFT_OPTIMIZATION_LEVEL = "-Onone";
				SWIFT_VERSION = 5.0;
				TARGETED_DEVICE_FAMILY = "1,2";
			};
			name = Debug;
		};
		24591D731D670B7B00B90A38 /* Release */ = {
			isa = XCBuildConfiguration;
			buildSettings = {
				ALWAYS_SEARCH_USER_PATHS = NO;
				CLANG_ANALYZER_LOCALIZABILITY_NONLOCALIZED = YES;
				CLANG_ANALYZER_NONNULL = YES;
				CLANG_CXX_LANGUAGE_STANDARD = "gnu++0x";
				CLANG_CXX_LIBRARY = "libc++";
				CLANG_ENABLE_MODULES = YES;
				CLANG_ENABLE_OBJC_ARC = YES;
				CLANG_WARN_BLOCK_CAPTURE_AUTORELEASING = YES;
				CLANG_WARN_BOOL_CONVERSION = YES;
				CLANG_WARN_COMMA = YES;
				CLANG_WARN_CONSTANT_CONVERSION = YES;
				CLANG_WARN_DEPRECATED_OBJC_IMPLEMENTATIONS = YES;
				CLANG_WARN_DIRECT_OBJC_ISA_USAGE = YES_ERROR;
				CLANG_WARN_EMPTY_BODY = YES;
				CLANG_WARN_ENUM_CONVERSION = YES;
				CLANG_WARN_INFINITE_RECURSION = YES;
				CLANG_WARN_INT_CONVERSION = YES;
				CLANG_WARN_NON_LITERAL_NULL_CONVERSION = YES;
				CLANG_WARN_OBJC_IMPLICIT_RETAIN_SELF = YES;
				CLANG_WARN_OBJC_LITERAL_CONVERSION = YES;
				CLANG_WARN_OBJC_ROOT_CLASS = YES_ERROR;
				CLANG_WARN_QUOTED_INCLUDE_IN_FRAMEWORK_HEADER = YES;
				CLANG_WARN_RANGE_LOOP_ANALYSIS = YES;
				CLANG_WARN_STRICT_PROTOTYPES = YES;
				CLANG_WARN_SUSPICIOUS_MOVE = YES;
				CLANG_WARN_UNREACHABLE_CODE = YES;
				CLANG_WARN__DUPLICATE_METHOD_MATCH = YES;
				"CODE_SIGN_IDENTITY[sdk=iphoneos*]" = "iPhone Developer";
				COPY_PHASE_STRIP = NO;
				DEBUG_INFORMATION_FORMAT = "dwarf-with-dsym";
				ENABLE_NS_ASSERTIONS = NO;
				ENABLE_STRICT_OBJC_MSGSEND = YES;
				GCC_C_LANGUAGE_STANDARD = gnu99;
				GCC_NO_COMMON_BLOCKS = YES;
				GCC_WARN_64_TO_32_BIT_CONVERSION = YES;
				GCC_WARN_ABOUT_RETURN_TYPE = YES_ERROR;
				GCC_WARN_UNDECLARED_SELECTOR = YES;
				GCC_WARN_UNINITIALIZED_AUTOS = YES_AGGRESSIVE;
				GCC_WARN_UNUSED_FUNCTION = YES;
				GCC_WARN_UNUSED_VARIABLE = YES;
				IPHONEOS_DEPLOYMENT_TARGET = 12.0;
				MTL_ENABLE_DEBUG_INFO = NO;
				SDKROOT = iphoneos;
				SWIFT_COMPILATION_MODE = wholemodule;
				SWIFT_VERSION = 5.0;
				TARGETED_DEVICE_FAMILY = "1,2";
				VALIDATE_PRODUCT = YES;
			};
			name = Release;
		};
		24591D751D670B7B00B90A38 /* Debug */ = {
			isa = XCBuildConfiguration;
			buildSettings = {
				ASSETCATALOG_COMPILER_APPICON_NAME = AppIcon;
				CODE_SIGN_STYLE = Manual;
				DEVELOPMENT_TEAM = "";
				INFOPLIST_FILE = SwiftHelperDemo/Info.plist;
				IPHONEOS_DEPLOYMENT_TARGET = 12.0;
				LD_RUNPATH_SEARCH_PATHS = "$(inherited) @executable_path/Frameworks";
				PRODUCT_BUNDLE_IDENTIFIER = LiuChang.SwiftHelperDemo;
				PRODUCT_NAME = "$(TARGET_NAME)";
				PROVISIONING_PROFILE_SPECIFIER = "";
				SWIFT_VERSION = 5.0;
			};
			name = Debug;
		};
		24591D761D670B7B00B90A38 /* Release */ = {
			isa = XCBuildConfiguration;
			buildSettings = {
				ASSETCATALOG_COMPILER_APPICON_NAME = AppIcon;
				CODE_SIGN_STYLE = Manual;
				DEVELOPMENT_TEAM = "";
				INFOPLIST_FILE = SwiftHelperDemo/Info.plist;
				IPHONEOS_DEPLOYMENT_TARGET = 12.0;
				LD_RUNPATH_SEARCH_PATHS = "$(inherited) @executable_path/Frameworks";
				PRODUCT_BUNDLE_IDENTIFIER = LiuChang.SwiftHelperDemo;
				PRODUCT_NAME = "$(TARGET_NAME)";
				PROVISIONING_PROFILE_SPECIFIER = "";
				SWIFT_VERSION = 5.0;
			};
			name = Release;
		};
/* End XCBuildConfiguration section */

/* Begin XCConfigurationList section */
		24591D471D670B7B00B90A38 /* Build configuration list for PBXProject "SwiftHelperDemo" */ = {
			isa = XCConfigurationList;
			buildConfigurations = (
				24591D721D670B7B00B90A38 /* Debug */,
				24591D731D670B7B00B90A38 /* Release */,
			);
			defaultConfigurationIsVisible = 0;
			defaultConfigurationName = Release;
		};
		24591D741D670B7B00B90A38 /* Build configuration list for PBXNativeTarget "SwiftHelperDemo" */ = {
			isa = XCConfigurationList;
			buildConfigurations = (
				24591D751D670B7B00B90A38 /* Debug */,
				24591D761D670B7B00B90A38 /* Release */,
			);
			defaultConfigurationIsVisible = 0;
			defaultConfigurationName = Release;
		};
/* End XCConfigurationList section */
	};
	rootObject = 24591D441D670B7B00B90A38 /* Project object */;
}
